<Solution>
  <Folder Name="/Solution Items/">
    <File Path=".gitignore" />
  </Folder>
  <Project Path="src/Hase.Client/Hase.Client.csproj" />
  <Project Path="src/Hase.Client.Grpc/Hase.Client.Grpc.csproj" />
  <Project Path="src/Hase.Client.RegistryTool/Hase.Client.RegistryTool.csproj" />
  <Project Path="src/Hase.Client.Wpf/Hase.Client.Wpf.csproj" />
  <Project Path="src/Hase.Client.Wpf.App/Hase.Client.Wpf.App.csproj" />
  <Project Path="src/Hase.Client.Wpf.RfLab/Hase.Client.Wpf.RfLab.csproj" />
  <Project Path="src/Hase.CompactProtocol/Hase.CompactProtocol.csproj" Id="51084aab-9941-4d87-bb51-c78360041240" />
  <Project Path="src/Hase.Core/Hase.Core.csproj" />
  <Project Path="src/Hase.DesktopHost/Hase.DesktopHost.csproj" />
  <Project Path="src/Hase.DesktopHost.Preflight/Hase.DesktopHost.Preflight.csproj" />
  <Project Path="src/Hase.DesktopHost.EndpointProfileTool/Hase.DesktopHost.EndpointProfileTool.csproj" />
  <Project Path="src/Hase.DesktopHost.OnboardingAudit/Hase.DesktopHost.OnboardingAudit.csproj" />
  <Project Path="src/Hase.DesktopHost.App/Hase.DesktopHost.App.csproj" />
  <Project Path="src/Hase.Diagnostics.Export/Hase.Diagnostics.Export.csproj" />
  <Project Path="src/Hase.Diagnostics.Offline/Hase.Diagnostics.Offline.csproj" />
  <Project Path="src/Hase.Mcnf/Hase.Mcnf.csproj" />
  <Project Path="src/Hase.Mcnf.RfLab/Hase.Mcnf.RfLab.csproj" />
  <Project Path="src/Hase.Mcnf.RfLab.Hosting/Hase.Mcnf.RfLab.Hosting.csproj" />
  <Project Path="src/Hase.Mcnf.RfLab.Runtime/Hase.Mcnf.RfLab.Runtime.csproj" />
  <Project Path="src/Hase.Mcnf.Serial/Hase.Mcnf.Serial.csproj" />
  <Project Path="src/Hase.Operator.Input/Hase.Operator.Input.csproj" />
  <Project Path="src/Hase.Operator.Presentation/Hase.Operator.Presentation.csproj" />
  <Project Path="src/Hase.Python.CredentialProvisioning/Hase.Python.CredentialProvisioning.csproj" />
  <Project Path="src/Hase.Python.CredentialProvisioning.Operator/Hase.Python.CredentialProvisioning.Operator.csproj" />
  <Project Path="src/Hase.Protocol/Hase.Protocol.csproj" Id="b1d3a42a-bb92-4737-bc05-6012645d1709" />
  <Project Path="src/HASE.ProtocolExplorer/HASE.ProtocolExplorer.csproj" Id="31754301-ad31-4a2f-a426-0f595c0d07f7" />
  <Project Path="src/Hase.Runtime.Northbound/Hase.Runtime.Northbound.csproj" Id="741b73c6-1045-4dfc-8394-4a3597cd5321" />
  <Project Path="src/Hase.Runtime.Remote.Grpc.Adapter/Hase.Runtime.Remote.Grpc.Adapter.csproj" />
  <Project Path="src/Hase.Runtime.Remote.Grpc.Contracts/Hase.Runtime.Remote.Grpc.Contracts.csproj" />
  <Project Path="src/Hase.Runtime.Remote.Grpc.Hosting/Hase.Runtime.Remote.Grpc.Hosting.csproj" />
  <Project Path="src/Hase.Runtime.Media/Hase.Runtime.Media.csproj" />
  <Project Path="src/Hase.Runtime.Transport/Hase.Runtime.Transport.csproj" />
  <Project Path="src/Hase.Runtime/Hase.Runtime.csproj" />
  <Project Path="src/Hase.Scpi/Hase.Scpi.csproj" />
  <Project Path="src/Hase.Scpi.Kel103/Hase.Scpi.Kel103.csproj" />
  <Project Path="src/Hase.Scpi.Kel103.Hosting/Hase.Scpi.Kel103.Hosting.csproj" />
  <Project Path="src/Hase.Scpi.Kel103.Runtime/Hase.Scpi.Kel103.Runtime.csproj" />
  <Project Path="src/Hase.Scpi.Serial/Hase.Scpi.Serial.csproj" />
  <Project Path="src/Hase.Simulation.Runtime/Hase.Simulation.Runtime.csproj" Id="2237039f-536a-47bf-af87-6204a42facf9" />
  <Project Path="src/Hase.Simulation/Hase.Simulation.csproj" />
  <Project Path="src/Hase.Transport/Hase.Transport.csproj" Id="944d6668-cfaa-468d-b1fc-75681f9e4ede" />
  <Project Path="tests/Hase.Client.Tests/Hase.Client.Tests.csproj" />
  <Project Path="tests/Hase.Client.Grpc.Tests/Hase.Client.Grpc.Tests.csproj" />
  <Project Path="tests/Hase.Client.Wpf.Tests/Hase.Client.Wpf.Tests.csproj" />
  <Project Path="tests/Hase.Client.Wpf.RfLab.Tests/Hase.Client.Wpf.RfLab.Tests.csproj" />
  <Project Path="tests/Hase.CompactProtocol.Tests/Hase.CompactProtocol.Tests.csproj" Id="475ee51a-1128-400d-b652-18a4b53ec395" />
  <Project Path="tests/Hase.Core.Tests/Hase.Core.Tests.csproj" />
  <Project Path="tests/Hase.DesktopHost.Tests/Hase.DesktopHost.Tests.csproj" />
  <Project Path="tests/Hase.Diagnostics.Export.Tests/Hase.Diagnostics.Export.Tests.csproj" />
  <Project Path="tests/Hase.Diagnostics.Offline.Tests/Hase.Diagnostics.Offline.Tests.csproj" />
  <Project Path="tests/Hase.Mcnf.Tests/Hase.Mcnf.Tests.csproj" />
  <Project Path="tests/Hase.Mcnf.RfLab.Tests/Hase.Mcnf.RfLab.Tests.csproj" />
  <Project Path="tests/Hase.Mcnf.RfLab.Hosting.Tests/Hase.Mcnf.RfLab.Hosting.Tests.csproj" />
  <Project Path="tests/Hase.Mcnf.RfLab.Runtime.Tests/Hase.Mcnf.RfLab.Runtime.Tests.csproj" />
  <Project Path="tests/Hase.Mcnf.Serial.Tests/Hase.Mcnf.Serial.Tests.csproj" />
  <Project Path="tests/Hase.Operator.Input.Tests/Hase.Operator.Input.Tests.csproj" />
  <Project Path="tests/Hase.Operator.Presentation.Tests/Hase.Operator.Presentation.Tests.csproj" />
  <Project Path="tests/Hase.Python.CredentialProvisioning.Tests/Hase.Python.CredentialProvisioning.Tests.csproj" />
  <Project Path="tests/Hase.Protocol.Tests/Hase.Protocol.Tests.csproj" Id="37af682a-bb92-4737-bc05-6012645d1709" />
  <Project Path="tests/HASE.ProtocolExplorer.Tests/HASE.ProtocolExplorer.Tests.csproj" />
  <Project Path="tests/Hase.Runtime.Remote.Grpc.Adapter.Tests/Hase.Runtime.Remote.Grpc.Adapter.Tests.csproj" />
  <Project Path="tests/Hase.Runtime.Remote.Grpc.Contracts.Tests/Hase.Runtime.Remote.Grpc.Contracts.Tests.csproj" />
  <Project Path="tests/Hase.Runtime.Remote.Grpc.Hosting.Tests/Hase.Runtime.Remote.Grpc.Hosting.Tests.csproj" />
  <Project Path="tests/Hase.Runtime.Media.Tests/Hase.Runtime.Media.Tests.csproj" />
  <Project Path="tests/Hase.Runtime.Tests.Northbound/Hase.Runtime.Tests.Northbound.csproj" Id="4a178abe-5359-4708-a3a0-b3ff22d2e4e4" />
  <Project Path="tests/Hase.Runtime.Tests/Hase.Runtime.Tests.csproj" Id="7e45f1c9-8a2b-47ff-965f-2d201808c872" />
  <Project Path="tests/Hase.Runtime.Transport.Tests/Hase.Runtime.Transport.Tests.csproj" Id="ffdefcd1-c441-4e0d-9988-4cd9a7e0e032" />
  <Project Path="tests/Hase.Scpi.Tests/Hase.Scpi.Tests.csproj" />
  <Project Path="tests/Hase.Scpi.Kel103.Tests/Hase.Scpi.Kel103.Tests.csproj" />
  <Project Path="tests/Hase.Scpi.Kel103.Hosting.Tests/Hase.Scpi.Kel103.Hosting.Tests.csproj" />
  <Project Path="tests/Hase.Scpi.Kel103.Runtime.Tests/Hase.Scpi.Kel103.Runtime.Tests.csproj" />
  <Project Path="tests/Hase.Scpi.Serial.Tests/Hase.Scpi.Serial.Tests.csproj" />
  <Project Path="tests/Hase.Simulation.Runtime.Tests/Hase.Simulation.Runtime.Tests.csproj" Id="dee7d37f-5109-4380-a534-c95c38dd5759" />
  <Project Path="tests/Hase.Simulation.Tests/Hase.Simulation.Tests.csproj" Id="247f97b0-a24e-4397-a135-9202844299d2" />
  <Project Path="tests/Hase.Transport.Tests/Hase.Transport.Tests.csproj" Id="704608b2-a88f-450b-a9a9-9cbd9f327268" />
</Solution>

